// !$*UTF8*$!
{
	archiveVersion = 1;
	classes = {
	};
	objectVersion = 50;
	objects = {

/* Begin PBXBuildFile section */
		044F41EC89CAF0F8C49E92D1 /* Pods_PonyoTests.framework in Frameworks */ = {isa = PBXBuildFile; fileRef = FADEB453BF45B9A9F5F4FBC6 /* Pods_PonyoTests.framework */; };
		4C22AAA0C1FCF215E2585431 /* Pods_Ponyo.framework in Frameworks */ = {isa = PBXBuildFile; fileRef = 92F47DFEAC598AFE36C425EC /* Pods_Ponyo.framework */; };
		D16FF751C3B5E3C5D4ED230E /* Pods_PonyoUITests.framework in Frameworks */ = {isa = PBXBuildFile; fileRef = 35D68F9733BCF2C73D12A46E /* Pods_PonyoUITests.framework */; };
		FB392FCB22CC4000007F0BA9 /* AppDelegate.swift in Sources */ = {isa = PBXBuildFile; fileRef = FB392FCA22CC4000007F0BA9 /* AppDelegate.swift */; };
		FB392FCD22CC4000007F0BA9 /* ViewController.swift in Sources */ = {isa = PBXBuildFile; fileRef = FB392FCC22CC4000007F0BA9 /* ViewController.swift */; };
		FB392FD022CC4000007F0BA9 /* Main.storyboard in Resources */ = {isa = PBXBuildFile; fileRef = FB392FCE22CC4000007F0BA9 /* Main.storyboard */; };
		FB392FD322CC4000007F0BA9 /* Ponyo.xcdatamodeld in Sources */ = {isa = PBXBuildFile; fileRef = FB392FD122CC4000007F0BA9 /* Ponyo.xcdatamodeld */; };
		FB392FD522CC4002007F0BA9 /* Assets.xcassets in Resources */ = {isa = PBXBuildFile; fileRef = FB392FD422CC4002007F0BA9 /* Assets.xcassets */; };
		FB392FD822CC4002007F0BA9 /* LaunchScreen.storyboard in Resources */ = {isa = PBXBuildFile; fileRef = FB392FD622CC4002007F0BA9 /* LaunchScreen.storyboard */; };
		FB392FE322CC4002007F0BA9 /* PonyoTests.swift in Sources */ = {isa = PBXBuildFile; fileRef = FB392FE222CC4002007F0BA9 /* PonyoTests.swift */; };
		FB392FEE22CC4002007F0BA9 /* PonyoUITests.swift in Sources */ = {isa = PBXBuildFile; fileRef = FB392FED22CC4002007F0BA9 /* PonyoUITests.swift */; };
/* End PBXBuildFile section */

/* Begin PBXContainerItemProxy section */
		FB392FDF22CC4002007F0BA9 /* PBXContainerItemProxy */ = {
			isa = PBXContainerItemProxy;
			containerPortal = FB392FBF22CC4000007F0BA9 /* Project object */;
			proxyType = 1;
			remoteGlobalIDString = FB392FC622CC4000007F0BA9;
			remoteInfo = Ponyo;
		};
		FB392FEA22CC4002007F0BA9 /* PBXContainerItemProxy */ = {
			isa = PBXContainerItemProxy;
			containerPortal = FB392FBF22CC4000007F0BA9 /* Project object */;
			proxyType = 1;
			remoteGlobalIDString = FB392FC622CC4000007F0BA9;
			remoteInfo = Ponyo;
		};
/* End PBXContainerItemProxy section */

/* Begin PBXFileReference section */
		07E517E782281F3D298E7E05 /* Pods-PonyoTests.debug.xcconfig */ = {isa = PBXFileReference; includeInIndex = 1; lastKnownFileType = text.xcconfig; name = "Pods-PonyoTests.debug.xcconfig"; path = "Pods/Target Support Files/Pods-PonyoTests/Pods-PonyoTests.debug.xcconfig"; sourceTree = "<group>"; };
		11457E37E834945F06BE6D9A /* Pods-Ponyo.debug.xcconfig */ = {isa = PBXFileReference; includeInIndex = 1; lastKnownFileType = text.xcconfig; name = "Pods-Ponyo.debug.xcconfig"; path = "Pods/Target Support Files/Pods-Ponyo/Pods-Ponyo.debug.xcconfig"; sourceTree = "<group>"; };
		35D68F9733BCF2C73D12A46E /* Pods_PonyoUITests.framework */ = {isa = PBXFileReference; explicitFileType = wrapper.framework; includeInIndex = 0; path = Pods_PonyoUITests.framework; sourceTree = BUILT_PRODUCTS_DIR; };
		76AADF92C61694AA27F57F60 /* Pods-PonyoUITests.debug.xcconfig */ = {isa = PBXFileReference; includeInIndex = 1; lastKnownFileType = text.xcconfig; name = "Pods-PonyoUITests.debug.xcconfig"; path = "Pods/Target Support Files/Pods-PonyoUITests/Pods-PonyoUITests.debug.xcconfig"; sourceTree = "<group>"; };
		79A1B2BEA40A6994B4B086DE /* Pods-PonyoUITests.release.xcconfig */ = {isa = PBXFileReference; includeInIndex = 1; lastKnownFileType = text.xcconfig; name = "Pods-PonyoUITests.release.xcconfig"; path = "Pods/Target Support Files/Pods-PonyoUITests/Pods-PonyoUITests.release.xcconfig"; sourceTree = "<group>"; };
		92F47DFEAC598AFE36C425EC /* Pods_Ponyo.framework */ = {isa = PBXFileReference; explicitFileType = wrapper.framework; includeInIndex = 0; path = Pods_Ponyo.framework; sourceTree = BUILT_PRODUCTS_DIR; };
		D40726A9F50144E50860EED3 /* Pods-Ponyo.release.xcconfig */ = {isa = PBXFileReference; includeInIndex = 1; lastKnownFileType = text.xcconfig; name = "Pods-Ponyo.release.xcconfig"; path = "Pods/Target Support Files/Pods-Ponyo/Pods-Ponyo.release.xcconfig"; sourceTree = "<group>"; };
		F7F2B7DB7D7DD83CDDC3AF98 /* Pods-PonyoTests.release.xcconfig */ = {isa = PBXFileReference; includeInIndex = 1; lastKnownFileType = text.xcconfig; name = "Pods-PonyoTests.release.xcconfig"; path = "Pods/Target Support Files/Pods-PonyoTests/Pods-PonyoTests.release.xcconfig"; sourceTree = "<group>"; };
		FADEB453BF45B9A9F5F4FBC6 /* Pods_PonyoTests.framework */ = {isa = PBXFileReference; explicitFileType = wrapper.framework; includeInIndex = 0; path = Pods_PonyoTests.framework; sourceTree = BUILT_PRODUCTS_DIR; };
		FB392FC722CC4000007F0BA9 /* Ponyo.app */ = {isa = PBXFileReference; explicitFileType = wrapper.application; includeInIndex = 0; path = Ponyo.app; sourceTree = BUILT_PRODUCTS_DIR; };
		FB392FCA22CC4000007F0BA9 /* AppDelegate.swift */ = {isa = PBXFileReference; lastKnownFileType = sourcecode.swift; path = AppDelegate.swift; sourceTree = "<group>"; };
		FB392FCC22CC4000007F0BA9 /* ViewController.swift */ = {isa = PBXFileReference; lastKnownFileType = sourcecode.swift; path = ViewController.swift; sourceTree = "<group>"; };
		FB392FCF22CC4000007F0BA9 /* Base */ = {isa = PBXFileReference; lastKnownFileType = file.storyboard; name = Base; path = Base.lproj/Main.storyboard; sourceTree = "<group>"; };
		FB392FD222CC4000007F0BA9 /* Ponyo.xcdatamodel */ = {isa = PBXFileReference; lastKnownFileType = wrapper.xcdatamodel; path = Ponyo.xcdatamodel; sourceTree = "<group>"; };
		FB392FD422CC4002007F0BA9 /* Assets.xcassets */ = {isa = PBXFileReference; lastKnownFileType = folder.assetcatalog; path = Assets.xcassets; sourceTree = "<group>"; };
		FB392FD722CC4002007F0BA9 /* Base */ = {isa = PBXFileReference; lastKnownFileType = file.storyboard; name = Base; path = Base.lproj/LaunchScreen.storyboard; sourceTree = "<group>"; };
		FB392FD922CC4002007F0BA9 /* Info.plist */ = {isa = PBXFileReference; lastKnownFileType = text.plist.xml; path = Info.plist; sourceTree = "<group>"; };
		FB392FDE22CC4002007F0BA9 /* PonyoTests.xctest */ = {isa = PBXFileReference; explicitFileType = wrapper.cfbundle; includeInIndex = 0; path = PonyoTests.xctest; sourceTree = BUILT_PRODUCTS_DIR; };
		FB392FE222CC4002007F0BA9 /* PonyoTests.swift */ = {isa = PBXFileReference; lastKnownFileType = sourcecode.swift; path = PonyoTests.swift; sourceTree = "<group>"; };
		FB392FE422CC4002007F0BA9 /* Info.plist */ = {isa = PBXFileReference; lastKnownFileType = text.plist.xml; path = Info.plist; sourceTree = "<group>"; };
		FB392FE922CC4002007F0BA9 /* PonyoUITests.xctest */ = {isa = PBXFileReference; explicitFileType = wrapper.cfbundle; includeInIndex = 0; path = PonyoUITests.xctest; sourceTree = BUILT_PRODUCTS_DIR; };
		FB392FED22CC4002007F0BA9 /* PonyoUITests.swift */ = {isa = PBXFileReference; lastKnownFileType = sourcecode.swift; path = PonyoUITests.swift; sourceTree = "<group>"; };
		FB392FEF22CC4002007F0BA9 /* Info.plist */ = {isa = PBXFileReference; lastKnownFileType = text.plist.xml; path = Info.plist; sourceTree = "<group>"; };
/* End PBXFileReference section */

/* Begin PBXFrameworksBuildPhase section */
		FB392FC422CC4000007F0BA9 /* Frameworks */ = {
			isa = PBXFrameworksBuildPhase;
			buildActionMask = 2147483647;
			files = (
				4C22AAA0C1FCF215E2585431 /* Pods_Ponyo.framework in Frameworks */,
			);
			runOnlyForDeploymentPostprocessing = 0;
		};
		FB392FDB22CC4002007F0BA9 /* Frameworks */ = {
			isa = PBXFrameworksBuildPhase;
			buildActionMask = 2147483647;
			files = (
				044F41EC89CAF0F8C49E92D1 /* Pods_PonyoTests.framework in Frameworks */,
			);
			runOnlyForDeploymentPostprocessing = 0;
		};
		FB392FE622CC4002007F0BA9 /* Frameworks */ = {
			isa = PBXFrameworksBuildPhase;
			buildActionMask = 2147483647;
			files = (
				D16FF751C3B5E3C5D4ED230E /* Pods_PonyoUITests.framework in Frameworks */,
			);
			runOnlyForDeploymentPostprocessing = 0;
		};
/* End PBXFrameworksBuildPhase section */

/* Begin PBXGroup section */
		C5C2C6B750CB15CFACD86508 /* Pods */ = {
			isa = PBXGroup;
			children = (
				11457E37E834945F06BE6D9A /* Pods-Ponyo.debug.xcconfig */,
				D40726A9F50144E50860EED3 /* Pods-Ponyo.release.xcconfig */,
				07E517E782281F3D298E7E05 /* Pods-PonyoTests.debug.xcconfig */,
				F7F2B7DB7D7DD83CDDC3AF98 /* Pods-PonyoTests.release.xcconfig */,
				76AADF92C61694AA27F57F60 /* Pods-PonyoUITests.debug.xcconfig */,
				79A1B2BEA40A6994B4B086DE /* Pods-PonyoUITests.release.xcconfig */,
			);
			name = Pods;
			sourceTree = "<group>";
		};
		C695AB37B55E711206F1E908 /* Frameworks */ = {
			isa = PBXGroup;
			children = (
				92F47DFEAC598AFE36C425EC /* Pods_Ponyo.framework */,
				FADEB453BF45B9A9F5F4FBC6 /* Pods_PonyoTests.framework */,
				35D68F9733BCF2C73D12A46E /* Pods_PonyoUITests.framework */,
			);
			name = Frameworks;
			sourceTree = "<group>";
		};
		FB392FBE22CC4000007F0BA9 = {
			isa = PBXGroup;
			children = (
				FB392FC922CC4000007F0BA9 /* Ponyo */,
				FB392FE122CC4002007F0BA9 /* PonyoTests */,
				FB392FEC22CC4002007F0BA9 /* PonyoUITests */,
				FB392FC822CC4000007F0BA9 /* Products */,
				C5C2C6B750CB15CFACD86508 /* Pods */,
				C695AB37B55E711206F1E908 /* Frameworks */,
			);
			sourceTree = "<group>";
		};
		FB392FC822CC4000007F0BA9 /* Products */ = {
			isa = PBXGroup;
			children = (
				FB392FC722CC4000007F0BA9 /* Ponyo.app */,
				FB392FDE22CC4002007F0BA9 /* PonyoTests.xctest */,
				FB392FE922CC4002007F0BA9 /* PonyoUITests.xctest */,
			);
			name = Products;
			sourceTree = "<group>";
		};
		FB392FC922CC4000007F0BA9 /* Ponyo */ = {
			isa = PBXGroup;
			children = (
				FB392FCA22CC4000007F0BA9 /* AppDelegate.swift */,
				FB392FCC22CC4000007F0BA9 /* ViewController.swift */,
				FB392FCE22CC4000007F0BA9 /* Main.storyboard */,
				FB392FD422CC4002007F0BA9 /* Assets.xcassets */,
				FB392FD622CC4002007F0BA9 /* LaunchScreen.storyboard */,
				FB392FD922CC4002007F0BA9 /* Info.plist */,
				FB392FD122CC4000007F0BA9 /* Ponyo.xcdatamodeld */,
			);
			path = Ponyo;
			sourceTree = "<group>";
		};
		FB392FE122CC4002007F0BA9 /* PonyoTests */ = {
			isa = PBXGroup;
			children = (
				FB392FE222CC4002007F0BA9 /* PonyoTests.swift */,
				FB392FE422CC4002007F0BA9 /* Info.plist */,
			);
			path = PonyoTests;
			sourceTree = "<group>";
		};
		FB392FEC22CC4002007F0BA9 /* PonyoUITests */ = {
			isa = PBXGroup;
			children = (
				FB392FED22CC4002007F0BA9 /* PonyoUITests.swift */,
				FB392FEF22CC4002007F0BA9 /* Info.plist */,
			);
			path = PonyoUITests;
			sourceTree = "<group>";
		};
/* End PBXGroup section */

/* Begin PBXNativeTarget section */
		FB392FC622CC4000007F0BA9 /* Ponyo */ = {
			isa = PBXNativeTarget;
			buildConfigurationList = FB392FF222CC4002007F0BA9 /* Build configuration list for PBXNativeTarget "Ponyo" */;
			buildPhases = (
				6A4E20AF91F470A9AD6FBBCF /* [CP] Check Pods Manifest.lock */,
				FB392FC322CC4000007F0BA9 /* Sources */,
				FB392FC422CC4000007F0BA9 /* Frameworks */,
				FB392FC522CC4000007F0BA9 /* Resources */,
				F13E0750404FBD42F36D586E /* [CP] Embed Pods Frameworks */,
			);
			buildRules = (
			);
			dependencies = (
			);
			name = Ponyo;
			productName = Ponyo;
			productReference = FB392FC722CC4000007F0BA9 /* Ponyo.app */;
			productType = "com.apple.product-type.application";
		};
		FB392FDD22CC4002007F0BA9 /* PonyoTests */ = {
			isa = PBXNativeTarget;
			buildConfigurationList = FB392FF522CC4002007F0BA9 /* Build configuration list for PBXNativeTarget "PonyoTests" */;
			buildPhases = (
				7FC80304F185F45A3289FFFB /* [CP] Check Pods Manifest.lock */,
				FB392FDA22CC4002007F0BA9 /* Sources */,
				FB392FDB22CC4002007F0BA9 /* Frameworks */,
				FB392FDC22CC4002007F0BA9 /* Resources */,
			);
			buildRules = (
			);
			dependencies = (
				FB392FE022CC4002007F0BA9 /* PBXTargetDependency */,
			);
			name = PonyoTests;
			productName = PonyoTests;
			productReference = FB392FDE22CC4002007F0BA9 /* PonyoTests.xctest */;
			productType = "com.apple.product-type.bundle.unit-test";
		};
		FB392FE822CC4002007F0BA9 /* PonyoUITests */ = {
			isa = PBXNativeTarget;
			buildConfigurationList = FB392FF822CC4002007F0BA9 /* Build configuration list for PBXNativeTarget "PonyoUITests" */;
			buildPhases = (
				25242D1CA2E03C1AB0E74CC8 /* [CP] Check Pods Manifest.lock */,
				FB392FE522CC4002007F0BA9 /* Sources */,
				FB392FE622CC4002007F0BA9 /* Frameworks */,
				FB392FE722CC4002007F0BA9 /* Resources */,
			);
			buildRules = (
			);
			dependencies = (
				FB392FEB22CC4002007F0BA9 /* PBXTargetDependency */,
			);
			name = PonyoUITests;
			productName = PonyoUITests;
			productReference = FB392FE922CC4002007F0BA9 /* PonyoUITests.xctest */;
			productType = "com.apple.product-type.bundle.ui-testing";
		};
/* End PBXNativeTarget section */

/* Begin PBXProject section */
		FB392FBF22CC4000007F0BA9 /* Project object */ = {
			isa = PBXProject;
			attributes = {
				LastSwiftUpdateCheck = 1020;
				LastUpgradeCheck = 1020;
				ORGANIZATIONNAME = "WanGak Kim";
				TargetAttributes = {
					FB392FC622CC4000007F0BA9 = {
						CreatedOnToolsVersion = 10.2.1;
					};
					FB392FDD22CC4002007F0BA9 = {
						CreatedOnToolsVersion = 10.2.1;
						TestTargetID = FB392FC622CC4000007F0BA9;
					};
					FB392FE822CC4002007F0BA9 = {
						CreatedOnToolsVersion = 10.2.1;
						TestTargetID = FB392FC622CC4000007F0BA9;
					};
				};
			};
			buildConfigurationList = FB392FC222CC4000007F0BA9 /* Build configuration list for PBXProject "Ponyo" */;
			compatibilityVersion = "Xcode 9.3";
			developmentRegion = en;
			hasScannedForEncodings = 0;
			knownRegions = (
				en,
				Base,
			);
			mainGroup = FB392FBE22CC4000007F0BA9;
			productRefGroup = FB392FC822CC4000007F0BA9 /* Products */;
			projectDirPath = "";
			projectRoot = "";
			targets = (
				FB392FC622CC4000007F0BA9 /* Ponyo */,
				FB392FDD22CC4002007F0BA9 /* PonyoTests */,
				FB392FE822CC4002007F0BA9 /* PonyoUITests */,
			);
		};
/* End PBXProject section */

/* Begin PBXResourcesBuildPhase section */
		FB392FC522CC4000007F0BA9 /* Resources */ = {
			isa = PBXResourcesBuildPhase;
			buildActionMask = 2147483647;
			files = (
				FB392FD822CC4002007F0BA9 /* LaunchScreen.storyboard in Resources */,
				FB392FD522CC4002007F0BA9 /* Assets.xcassets in Resources */,
				FB392FD022CC4000007F0BA9 /* Main.storyboard in Resources */,
			);
			runOnlyForDeploymentPostprocessing = 0;
		};
		FB392FDC22CC4002007F0BA9 /* Resources */ = {
			isa = PBXResourcesBuildPhase;
			buildActionMask = 2147483647;
			files = (
			);
			runOnlyForDeploymentPostprocessing = 0;
		};
		FB392FE722CC4002007F0BA9 /* Resources */ = {
			isa = PBXResourcesBuildPhase;
			buildActionMask = 2147483647;
			files = (
			);
			runOnlyForDeploymentPostprocessing = 0;
		};
/* End PBXResourcesBuildPhase section */

/* Begin PBXShellScriptBuildPhase section */
		25242D1CA2E03C1AB0E74CC8 /* [CP] Check Pods Manifest.lock */ = {
			isa = PBXShellScriptBuildPhase;
			buildActionMask = 2147483647;
			files = (
			);
			inputFileListPaths = (
			);
			inputPaths = (
				"${PODS_PODFILE_DIR_PATH}/Podfile.lock",
				"${PODS_ROOT}/Manifest.lock",
			);
			name = "[CP] Check Pods Manifest.lock";
			outputFileListPaths = (
			);
			outputPaths = (
				"$(DERIVED_FILE_DIR)/Pods-PonyoUITests-checkManifestLockResult.txt",
			);
			runOnlyForDeploymentPostprocessing = 0;
			shellPath = /bin/sh;
			shellScript = "diff \"${PODS_PODFILE_DIR_PATH}/Podfile.lock\" \"${PODS_ROOT}/Manifest.lock\" > /dev/null\nif [ $? != 0 ] ; then\n    # print error to STDERR\n    echo \"error: The sandbox is not in sync with the Podfile.lock. Run 'pod install' or update your CocoaPods installation.\" >&2\n    exit 1\nfi\n# This output is used by Xcode 'outputs' to avoid re-running this script phase.\necho \"SUCCESS\" > \"${SCRIPT_OUTPUT_FILE_0}\"\n";
			showEnvVarsInLog = 0;
		};
		6A4E20AF91F470A9AD6FBBCF /* [CP] Check Pods Manifest.lock */ = {
			isa = PBXShellScriptBuildPhase;
			buildActionMask = 2147483647;
			files = (
			);
			inputFileListPaths = (
			);
			inputPaths = (
				"${PODS_PODFILE_DIR_PATH}/Podfile.lock",
				"${PODS_ROOT}/Manifest.lock",
			);
			name = "[CP] Check Pods Manifest.lock";
			outputFileListPaths = (
			);
			outputPaths = (
				"$(DERIVED_FILE_DIR)/Pods-Ponyo-checkManifestLockResult.txt",
			);
			runOnlyForDeploymentPostprocessing = 0;
			shellPath = /bin/sh;
			shellScript = "diff \"${PODS_PODFILE_DIR_PATH}/Podfile.lock\" \"${PODS_ROOT}/Manifest.lock\" > /dev/null\nif [ $? != 0 ] ; then\n    # print error to STDERR\n    echo \"error: The sandbox is not in sync with the Podfile.lock. Run 'pod install' or update your CocoaPods installation.\" >&2\n    exit 1\nfi\n# This output is used by Xcode 'outputs' to avoid re-running this script phase.\necho \"SUCCESS\" > \"${SCRIPT_OUTPUT_FILE_0}\"\n";
			showEnvVarsInLog = 0;
		};
		7FC80304F185F45A3289FFFB /* [CP] Check Pods Manifest.lock */ = {
			isa = PBXShellScriptBuildPhase;
			buildActionMask = 2147483647;
			files = (
			);
			inputFileListPaths = (
			);
			inputPaths = (
				"${PODS_PODFILE_DIR_PATH}/Podfile.lock",
				"${PODS_ROOT}/Manifest.lock",
			);
			name = "[CP] Check Pods Manifest.lock";
			outputFileListPaths = (
			);
			outputPaths = (
				"$(DERIVED_FILE_DIR)/Pods-PonyoTests-checkManifestLockResult.txt",
			);
			runOnlyForDeploymentPostprocessing = 0;
			shellPath = /bin/sh;
			shellScript = "diff \"${PODS_PODFILE_DIR_PATH}/Podfile.lock\" \"${PODS_ROOT}/Manifest.lock\" > /dev/null\nif [ $? != 0 ] ; then\n    # print error to STDERR\n    echo \"error: The sandbox is not in sync with the Podfile.lock. Run 'pod install' or update your CocoaPods installation.\" >&2\n    exit 1\nfi\n# This output is used by Xcode 'outputs' to avoid re-running this script phase.\necho \"SUCCESS\" > \"${SCRIPT_OUTPUT_FILE_0}\"\n";
			showEnvVarsInLog = 0;
		};
		F13E0750404FBD42F36D586E /* [CP] Embed Pods Frameworks */ = {
			isa = PBXShellScriptBuildPhase;
			buildActionMask = 2147483647;
			files = (
			);
			inputFileListPaths = (
			);
			inputPaths = (
				"${SRCROOT}/Pods/Target Support Files/Pods-Ponyo/Pods-Ponyo-frameworks.sh",
				"${BUILT_PRODUCTS_DIR}/Alamofire/Alamofire.framework",
				"${BUILT_PRODUCTS_DIR}/AlamofireImage/AlamofireImage.framework",
				"${BUILT_PRODUCTS_DIR}/FLAnimatedImage/FLAnimatedImage.framework",
				"${BUILT_PRODUCTS_DIR}/NYTPhotoViewer/NYTPhotoViewer.framework",
				"${BUILT_PRODUCTS_DIR}/RSKImageCropper/RSKImageCropper.framework",
				"${PODS_ROOT}/SendBirdSDK/SendBirdSDK.framework",
				"${PODS_ROOT}/SendBirdSDK/SendBirdSDK.framework.dSYM",
			);
			name = "[CP] Embed Pods Frameworks";
			outputFileListPaths = (
			);
			outputPaths = (
				"${TARGET_BUILD_DIR}/${FRAMEWORKS_FOLDER_PATH}/Alamofire.framework",
				"${TARGET_BUILD_DIR}/${FRAMEWORKS_FOLDER_PATH}/AlamofireImage.framework",
				"${TARGET_BUILD_DIR}/${FRAMEWORKS_FOLDER_PATH}/FLAnimatedImage.framework",
				"${TARGET_BUILD_DIR}/${FRAMEWORKS_FOLDER_PATH}/NYTPhotoViewer.framework",
				"${TARGET_BUILD_DIR}/${FRAMEWORKS_FOLDER_PATH}/RSKImageCropper.framework",
				"${TARGET_BUILD_DIR}/${FRAMEWORKS_FOLDER_PATH}/SendBirdSDK.framework",
				"${DWARF_DSYM_FOLDER_PATH}/SendBirdSDK.framework.dSYM",
			);
			runOnlyForDeploymentPostprocessing = 0;
			shellPath = /bin/sh;
			shellScript = "\"${SRCROOT}/Pods/Target Support Files/Pods-Ponyo/Pods-Ponyo-frameworks.sh\"\n";
			showEnvVarsInLog = 0;
		};
/* End PBXShellScriptBuildPhase section */

/* Begin PBXSourcesBuildPhase section */
		FB392FC322CC4000007F0BA9 /* Sources */ = {
			isa = PBXSourcesBuildPhase;
			buildActionMask = 2147483647;
			files = (
				FB392FD322CC4000007F0BA9 /* Ponyo.xcdatamodeld in Sources */,
				FB392FCD22CC4000007F0BA9 /* ViewController.swift in Sources */,
				FB392FCB22CC4000007F0BA9 /* AppDelegate.swift in Sources */,
			);
			runOnlyForDeploymentPostprocessing = 0;
		};
		FB392FDA22CC4002007F0BA9 /* Sources */ = {
			isa = PBXSourcesBuildPhase;
			buildActionMask = 2147483647;
			files = (
				FB392FE322CC4002007F0BA9 /* PonyoTests.swift in Sources */,
			);
			runOnlyForDeploymentPostprocessing = 0;
		};
		FB392FE522CC4002007F0BA9 /* Sources */ = {
			isa = PBXSourcesBuildPhase;
			buildActionMask = 2147483647;
			files = (
				FB392FEE22CC4002007F0BA9 /* PonyoUITests.swift in Sources */,
			);
			runOnlyForDeploymentPostprocessing = 0;
		};
/* End PBXSourcesBuildPhase section */

/* Begin PBXTargetDependency section */
		FB392FE022CC4002007F0BA9 /* PBXTargetDependency */ = {
			isa = PBXTargetDependency;
			target = FB392FC622CC4000007F0BA9 /* Ponyo */;
			targetProxy = FB392FDF22CC4002007F0BA9 /* PBXContainerItemProxy */;
		};
		FB392FEB22CC4002007F0BA9 /* PBXTargetDependency */ = {
			isa = PBXTargetDependency;
			target = FB392FC622CC4000007F0BA9 /* Ponyo */;
			targetProxy = FB392FEA22CC4002007F0BA9 /* PBXContainerItemProxy */;
		};
/* End PBXTargetDependency section */

/* Begin PBXVariantGroup section */
		FB392FCE22CC4000007F0BA9 /* Main.storyboard */ = {
			isa = PBXVariantGroup;
			children = (
				FB392FCF22CC4000007F0BA9 /* Base */,
			);
			name = Main.storyboard;
			sourceTree = "<group>";
		};
		FB392FD622CC4002007F0BA9 /* LaunchScreen.storyboard */ = {
			isa = PBXVariantGroup;
			children = (
				FB392FD722CC4002007F0BA9 /* Base */,
			);
			name = LaunchScreen.storyboard;
			sourceTree = "<group>";
		};
/* End PBXVariantGroup section */

/* Begin XCBuildConfiguration section */
		FB392FF022CC4002007F0BA9 /* Debug */ = {
			isa = XCBuildConfiguration;
			buildSettings = {
				ALWAYS_SEARCH_USER_PATHS = NO;
				CLANG_ANALYZER_NONNULL = YES;
				CLANG_ANALYZER_NUMBER_OBJECT_CONVERSION = YES_AGGRESSIVE;
				CLANG_CXX_LANGUAGE_STANDARD = "gnu++14";
				CLANG_CXX_LIBRARY = "libc++";
				CLANG_ENABLE_MODULES = YES;
				CLANG_ENABLE_OBJC_ARC = YES;
				CLANG_ENABLE_OBJC_WEAK = YES;
				CLANG_WARN_BLOCK_CAPTURE_AUTORELEASING = YES;
				CLANG_WARN_BOOL_CONVERSION = YES;
				CLANG_WARN_COMMA = YES;
				CLANG_WARN_CONSTANT_CONVERSION = YES;
				CLANG_WARN_DEPRECATED_OBJC_IMPLEMENTATIONS = YES;
				CLANG_WARN_DIRECT_OBJC_ISA_USAGE = YES_ERROR;
				CLANG_WARN_DOCUMENTATION_COMMENTS = YES;
				CLANG_WARN_EMPTY_BODY = YES;
				CLANG_WARN_ENUM_CONVERSION = YES;
				CLANG_WARN_INFINITE_RECURSION = YES;
				CLANG_WARN_INT_CONVERSION = YES;
				CLANG_WARN_NON_LITERAL_NULL_CONVERSION = YES;
				CLANG_WARN_OBJC_IMPLICIT_RETAIN_SELF = YES;
				CLANG_WARN_OBJC_LITERAL_CONVERSION = YES;
				CLANG_WARN_OBJC_ROOT_CLASS = YES_ERROR;
				CLANG_WARN_RANGE_LOOP_ANALYSIS = YES;
				CLANG_WARN_STRICT_PROTOTYPES = YES;
				CLANG_WARN_SUSPICIOUS_MOVE = YES;
				CLANG_WARN_UNGUARDED_AVAILABILITY = YES_AGGRESSIVE;
				CLANG_WARN_UNREACHABLE_CODE = YES;
				CLANG_WARN__DUPLICATE_METHOD_MATCH = YES;
				CODE_SIGN_IDENTITY = "iPhone Developer";
				COPY_PHASE_STRIP = NO;
				DEBUG_INFORMATION_FORMAT = dwarf;
				ENABLE_STRICT_OBJC_MSGSEND = YES;
				ENABLE_TESTABILITY = YES;
				GCC_C_LANGUAGE_STANDARD = gnu11;
				GCC_DYNAMIC_NO_PIC = NO;
				GCC_NO_COMMON_BLOCKS = YES;
				GCC_OPTIMIZATION_LEVEL = 0;
				GCC_PREPROCESSOR_DEFINITIONS = (
					"DEBUG=1",
					"$(inherited)",
				);
				GCC_WARN_64_TO_32_BIT_CONVERSION = YES;
				GCC_WARN_ABOUT_RETURN_TYPE = YES_ERROR;
				GCC_WARN_UNDECLARED_SELECTOR = YES;
				GCC_WARN_UNINITIALIZED_AUTOS = YES_AGGRESSIVE;
				GCC_WARN_UNUSED_FUNCTION = YES;
				GCC_WARN_UNUSED_VARIABLE = YES;
				IPHONEOS_DEPLOYMENT_TARGET = 12.2;
				MTL_ENABLE_DEBUG_INFO = INCLUDE_SOURCE;
				MTL_FAST_MATH = YES;
				ONLY_ACTIVE_ARCH = YES;
				SDKROOT = iphoneos;
				SWIFT_ACTIVE_COMPILATION_CONDITIONS = DEBUG;
				SWIFT_OPTIMIZATION_LEVEL = "-Onone";
			};
			name = Debug;
		};
		FB392FF122CC4002007F0BA9 /* Release */ = {
			isa = XCBuildConfiguration;
			buildSettings = {
				ALWAYS_SEARCH_USER_PATHS = NO;
				CLANG_ANALYZER_NONNULL = YES;
				CLANG_ANALYZER_NUMBER_OBJECT_CONVERSION = YES_AGGRESSIVE;
				CLANG_CXX_LANGUAGE_STANDARD = "gnu++14";
				CLANG_CXX_LIBRARY = "libc++";
				CLANG_ENABLE_MODULES = YES;
				CLANG_ENABLE_OBJC_ARC = YES;
				CLANG_ENABLE_OBJC_WEAK = YES;
				CLANG_WARN_BLOCK_CAPTURE_AUTORELEASING = YES;
				CLANG_WARN_BOOL_CONVERSION = YES;
				CLANG_WARN_COMMA = YES;
				CLANG_WARN_CONSTANT_CONVERSION = YES;
				CLANG_WARN_DEPRECATED_OBJC_IMPLEMENTATIONS = YES;
				CLANG_WARN_DIRECT_OBJC_ISA_USAGE = YES_ERROR;
				CLANG_WARN_DOCUMENTATION_COMMENTS = YES;
				CLANG_WARN_EMPTY_BODY = YES;
				CLANG_WARN_ENUM_CONVERSION = YES;
				CLANG_WARN_INFINITE_RECURSION = YES;
				CLANG_WARN_INT_CONVERSION = YES;
				CLANG_WARN_NON_LITERAL_NULL_CONVERSION = YES;
				CLANG_WARN_OBJC_IMPLICIT_RETAIN_SELF = YES;
				CLANG_WARN_OBJC_LITERAL_CONVERSION = YES;
				CLANG_WARN_OBJC_ROOT_CLASS = YES_ERROR;
				CLANG_WARN_RANGE_LOOP_ANALYSIS = YES;
				CLANG_WARN_STRICT_PROTOTYPES = YES;
				CLANG_WARN_SUSPICIOUS_MOVE = YES;
				CLANG_WARN_UNGUARDED_AVAILABILITY = YES_AGGRESSIVE;
				CLANG_WARN_UNREACHABLE_CODE = YES;
				CLANG_WARN__DUPLICATE_METHOD_MATCH = YES;
				CODE_SIGN_IDENTITY = "iPhone Developer";
				COPY_PHASE_STRIP = NO;
				DEBUG_INFORMATION_FORMAT = "dwarf-with-dsym";
				ENABLE_NS_ASSERTIONS = NO;
				ENABLE_STRICT_OBJC_MSGSEND = YES;
				GCC_C_LANGUAGE_STANDARD = gnu11;
				GCC_NO_COMMON_BLOCKS = YES;
				GCC_WARN_64_TO_32_BIT_CONVERSION = YES;
				GCC_WARN_ABOUT_RETURN_TYPE = YES_ERROR;
				GCC_WARN_UNDECLARED_SELECTOR = YES;
				GCC_WARN_UNINITIALIZED_AUTOS = YES_AGGRESSIVE;
				GCC_WARN_UNUSED_FUNCTION = YES;
				GCC_WARN_UNUSED_VARIABLE = YES;
				IPHONEOS_DEPLOYMENT_TARGET = 12.2;
				MTL_ENABLE_DEBUG_INFO = NO;
				MTL_FAST_MATH = YES;
				SDKROOT = iphoneos;
				SWIFT_COMPILATION_MODE = wholemodule;
				SWIFT_OPTIMIZATION_LEVEL = "-O";
				VALIDATE_PRODUCT = YES;
			};
			name = Release;
		};
		FB392FF322CC4002007F0BA9 /* Debug */ = {
			isa = XCBuildConfiguration;
			baseConfigurationReference = 11457E37E834945F06BE6D9A /* Pods-Ponyo.debug.xcconfig */;
			buildSettings = {
				ASSETCATALOG_COMPILER_APPICON_NAME = AppIcon;
				CODE_SIGN_STYLE = Automatic;
				INFOPLIST_FILE = Ponyo/Info.plist;
				LD_RUNPATH_SEARCH_PATHS = (
					"$(inherited)",
					"@executable_path/Frameworks",
				);
				PRODUCT_BUNDLE_IDENTIFIER = com.inbm.Ponyo;
				PRODUCT_NAME = "$(TARGET_NAME)";
				SWIFT_VERSION = 5.0;
				TARGETED_DEVICE_FAMILY = "1,2";
			};
			name = Debug;
		};
		FB392FF422CC4002007F0BA9 /* Release */ = {
			isa = XCBuildConfiguration;
			baseConfigurationReference = D40726A9F50144E50860EED3 /* Pods-Ponyo.release.xcconfig */;
			buildSettings = {
				ASSETCATALOG_COMPILER_APPICON_NAME = AppIcon;
				CODE_SIGN_STYLE = Automatic;
				INFOPLIST_FILE = Ponyo/Info.plist;
				LD_RUNPATH_SEARCH_PATHS = (
					"$(inherited)",
					"@executable_path/Frameworks",
				);
				PRODUCT_BUNDLE_IDENTIFIER = com.inbm.Ponyo;
				PRODUCT_NAME = "$(TARGET_NAME)";
				SWIFT_VERSION = 5.0;
				TARGETED_DEVICE_FAMILY = "1,2";
			};
			name = Release;
		};
		FB392FF622CC4002007F0BA9 /* Debug */ = {
			isa = XCBuildConfiguration;
			baseConfigurationReference = 07E517E782281F3D298E7E05 /* Pods-PonyoTests.debug.xcconfig */;
			buildSettings = {
				ALWAYS_EMBED_SWIFT_STANDARD_LIBRARIES = YES;
				BUNDLE_LOADER = "$(TEST_HOST)";
				CODE_SIGN_STYLE = Automatic;
				INFOPLIST_FILE = PonyoTests/Info.plist;
				LD_RUNPATH_SEARCH_PATHS = (
					"$(inherited)",
					"@executable_path/Frameworks",
					"@loader_path/Frameworks",
				);
				PRODUCT_BUNDLE_IDENTIFIER = com.inbm.PonyoTests;
				PRODUCT_NAME = "$(TARGET_NAME)";
				SWIFT_VERSION = 5.0;
				TARGETED_DEVICE_FAMILY = "1,2";
				TEST_HOST = "$(BUILT_PRODUCTS_DIR)/Ponyo.app/Ponyo";
			};
			name = Debug;
		};
		FB392FF722CC4002007F0BA9 /* Release */ = {
			isa = XCBuildConfiguration;
			baseConfigurationReference = F7F2B7DB7D7DD83CDDC3AF98 /* Pods-PonyoTests.release.xcconfig */;
			buildSettings = {
				ALWAYS_EMBED_SWIFT_STANDARD_LIBRARIES = YES;
				BUNDLE_LOADER = "$(TEST_HOST)";
				CODE_SIGN_STYLE = Automatic;
				INFOPLIST_FILE = PonyoTests/Info.plist;
				LD_RUNPATH_SEARCH_PATHS = (
					"$(inherited)",
					"@executable_path/Frameworks",
					"@loader_path/Frameworks",
				);
				PRODUCT_BUNDLE_IDENTIFIER = com.inbm.PonyoTests;
				PRODUCT_NAME = "$(TARGET_NAME)";
				SWIFT_VERSION = 5.0;
				TARGETED_DEVICE_FAMILY = "1,2";
				TEST_HOST = "$(BUILT_PRODUCTS_DIR)/Ponyo.app/Ponyo";
			};
			name = Release;
		};
		FB392FF922CC4002007F0BA9 /* Debug */ = {
			isa = XCBuildConfiguration;
			baseConfigurationReference = 76AADF92C61694AA27F57F60 /* Pods-PonyoUITests.debug.xcconfig */;
			buildSettings = {
				ALWAYS_EMBED_SWIFT_STANDARD_LIBRARIES = YES;
				CODE_SIGN_STYLE = Automatic;
				INFOPLIST_FILE = PonyoUITests/Info.plist;
				LD_RUNPATH_SEARCH_PATHS = (
					"$(inherited)",
					"@executable_path/Frameworks",
					"@loader_path/Frameworks",
				);
				PRODUCT_BUNDLE_IDENTIFIER = com.inbm.PonyoUITests;
				PRODUCT_NAME = "$(TARGET_NAME)";
				SWIFT_VERSION = 5.0;
				TARGETED_DEVICE_FAMILY = "1,2";
				TEST_TARGET_NAME = Ponyo;
			};
			name = Debug;
		};
		FB392FFA22CC4002007F0BA9 /* Release */ = {
			isa = XCBuildConfiguration;
			baseConfigurationReference = 79A1B2BEA40A6994B4B086DE /* Pods-PonyoUITests.release.xcconfig */;
			buildSettings = {
				ALWAYS_EMBED_SWIFT_STANDARD_LIBRARIES = YES;
				CODE_SIGN_STYLE = Automatic;
				INFOPLIST_FILE = PonyoUITests/Info.plist;
				LD_RUNPATH_SEARCH_PATHS = (
					"$(inherited)",
					"@executable_path/Frameworks",
					"@loader_path/Frameworks",
				);
				PRODUCT_BUNDLE_IDENTIFIER = com.inbm.PonyoUITests;
				PRODUCT_NAME = "$(TARGET_NAME)";
				SWIFT_VERSION = 5.0;
				TARGETED_DEVICE_FAMILY = "1,2";
				TEST_TARGET_NAME = Ponyo;
			};
			name = Release;
		};
/* End XCBuildConfiguration section */

/* Begin XCConfigurationList section */
		FB392FC222CC4000007F0BA9 /* Build configuration list for PBXProject "Ponyo" */ = {
			isa = XCConfigurationList;
			buildConfigurations = (
				FB392FF022CC4002007F0BA9 /* Debug */,
				FB392FF122CC4002007F0BA9 /* Release */,
			);
			defaultConfigurationIsVisible = 0;
			defaultConfigurationName = Release;
		};
		FB392FF222CC4002007F0BA9 /* Build configuration list for PBXNativeTarget "Ponyo" */ = {
			isa = XCConfigurationList;
			buildConfigurations = (
				FB392FF322CC4002007F0BA9 /* Debug */,
				FB392FF422CC4002007F0BA9 /* Release */,
			);
			defaultConfigurationIsVisible = 0;
			defaultConfigurationName = Release;
		};
		FB392FF522CC4002007F0BA9 /* Build configuration list for PBXNativeTarget "PonyoTests" */ = {
			isa = XCConfigurationList;
			buildConfigurations = (
				FB392FF622CC4002007F0BA9 /* Debug */,
				FB392FF722CC4002007F0BA9 /* Release */,
			);
			defaultConfigurationIsVisible = 0;
			defaultConfigurationName = Release;
		};
		FB392FF822CC4002007F0BA9 /* Build configuration list for PBXNativeTarget "PonyoUITests" */ = {
			isa = XCConfigurationList;
			buildConfigurations = (
				FB392FF922CC4002007F0BA9 /* Debug */,
				FB392FFA22CC4002007F0BA9 /* Release */,
			);
			defaultConfigurationIsVisible = 0;
			defaultConfigurationName = Release;
		};
/* End XCConfigurationList section */

/* Begin XCVersionGroup section */
		FB392FD122CC4000007F0BA9 /* Ponyo.xcdatamodeld */ = {
			isa = XCVersionGroup;
			children = (
				FB392FD222CC4000007F0BA9 /* Ponyo.xcdatamodel */,
			);
			currentVersion = FB392FD222CC4000007F0BA9 /* Ponyo.xcdatamodel */;
			path = Ponyo.xcdatamodeld;
			sourceTree = "<group>";
			versionGroupType = wrapper.xcdatamodel;
		};
/* End XCVersionGroup section */
	};
	rootObject = FB392FBF22CC4000007F0BA9 /* Project object */;
}
